{
  "object": {
    "pins": [
      {
        "package": "ASE",
        "repositoryURL": "https://github.com/griffin-stewie/ASE",
        "state": {
          "branch": null,
          "revision": "45ba4014daef4cb28206ae4069d7b6e03bb0302d",
          "version": "1.0.0"
        }
      },
      {
        "package": "Path.swift",
        "repositoryURL": "https://github.com/mxcl/Path.swift.git",
        "state": {
          "branch": null,
          "revision": "142d4bc1118602f3679c777d2e0da89c227cd918",
          "version": "1.2.0"
        }
      },
      {
        "package": "swift-argument-parser",
        "repositoryURL": "https://github.com/apple/swift-argument-parser",
        "state": {
          "branch": null,
          "revision": "9564d61b08a5335ae0a36f789a7d71493eacadfc",
          "version": "0.3.2"
        }
      }
    ]
  },
  "version": 1
}
